// !$*UTF8*$!
{
	archiveVersion = 1;
	classes = {
	};
	objectVersion = 46;
	objects = {

/* Begin PBXBuildFile section */
		0B5924271CD1EE4B00EDEBDE /* AppDelegate.swift in Sources */ = {isa = PBXBuildFile; fileRef = 0B5924261CD1EE4B00EDEBDE /* AppDelegate.swift */; };
		0B5924291CD1EE4B00EDEBDE /* ViewController.swift in Sources */ = {isa = PBXBuildFile; fileRef = 0B5924281CD1EE4B00EDEBDE /* ViewController.swift */; };
		0B59242C1CD1EE4B00EDEBDE /* Main.storyboard in Resources */ = {isa = PBXBuildFile; fileRef = 0B59242A1CD1EE4B00EDEBDE /* Main.storyboard */; };
		0B59242E1CD1EE4B00EDEBDE /* Assets.xcassets in Resources */ = {isa = PBXBuildFile; fileRef = 0B59242D1CD1EE4B00EDEBDE /* Assets.xcassets */; };
		0B5924311CD1EE4B00EDEBDE /* LaunchScreen.storyboard in Resources */ = {isa = PBXBuildFile; fileRef = 0B59242F1CD1EE4B00EDEBDE /* LaunchScreen.storyboard */; };
		0B59243C1CD1EE4B00EDEBDE /* samplePickerViewTests.swift in Sources */ = {isa = PBXBuildFile; fileRef = 0B59243B1CD1EE4B00EDEBDE /* samplePickerViewTests.swift */; };
		0B5924471CD1EE4B00EDEBDE /* samplePickerViewUITests.swift in Sources */ = {isa = PBXBuildFile; fileRef = 0B5924461CD1EE4B00EDEBDE /* samplePickerViewUITests.swift */; };
/* End PBXBuildFile section */

/* Begin PBXContainerItemProxy section */
		0B5924381CD1EE4B00EDEBDE /* PBXContainerItemProxy */ = {
			isa = PBXContainerItemProxy;
			containerPortal = 0B59241B1CD1EE4B00EDEBDE /* Project object */;
			proxyType = 1;
			remoteGlobalIDString = 0B5924221CD1EE4B00EDEBDE;
			remoteInfo = samplePickerView;
		};
		0B5924431CD1EE4B00EDEBDE /* PBXContainerItemProxy */ = {
			isa = PBXContainerItemProxy;
			containerPortal = 0B59241B1CD1EE4B00EDEBDE /* Project object */;
			proxyType = 1;
			remoteGlobalIDString = 0B5924221CD1EE4B00EDEBDE;
			remoteInfo = samplePickerView;
		};
/* End PBXContainerItemProxy section */

/* Begin PBXFileReference section */
		0B5924231CD1EE4B00EDEBDE /* samplePickerView.app */ = {isa = PBXFileReference; explicitFileType = wrapper.application; includeInIndex = 0; path = samplePickerView.app; sourceTree = BUILT_PRODUCTS_DIR; };
		0B5924261CD1EE4B00EDEBDE /* AppDelegate.swift */ = {isa = PBXFileReference; lastKnownFileType = sourcecode.swift; path = AppDelegate.swift; sourceTree = "<group>"; };
		0B5924281CD1EE4B00EDEBDE /* ViewController.swift */ = {isa = PBXFileReference; lastKnownFileType = sourcecode.swift; path = ViewController.swift; sourceTree = "<group>"; };
		0B59242B1CD1EE4B00EDEBDE /* Base */ = {isa = PBXFileReference; lastKnownFileType = file.storyboard; name = Base; path = Base.lproj/Main.storyboard; sourceTree = "<group>"; };
		0B59242D1CD1EE4B00EDEBDE /* Assets.xcassets */ = {isa = PBXFileReference; lastKnownFileType = folder.assetcatalog; path = Assets.xcassets; sourceTree = "<group>"; };
		0B5924301CD1EE4B00EDEBDE /* Base */ = {isa = PBXFileReference; lastKnownFileType = file.storyboard; name = Base; path = Base.lproj/LaunchScreen.storyboard; sourceTree = "<group>"; };
		0B5924321CD1EE4B00EDEBDE /* Info.plist */ = {isa = PBXFileReference; lastKnownFileType = text.plist.xml; path = Info.plist; sourceTree = "<group>"; };
		0B5924371CD1EE4B00EDEBDE /* samplePickerViewTests.xctest */ = {isa = PBXFileReference; explicitFileType = wrapper.cfbundle; includeInIndex = 0; path = samplePickerViewTests.xctest; sourceTree = BUILT_PRODUCTS_DIR; };
		0B59243B1CD1EE4B00EDEBDE /* samplePickerViewTests.swift */ = {isa = PBXFileReference; lastKnownFileType = sourcecode.swift; path = samplePickerViewTests.swift; sourceTree = "<group>"; };
		0B59243D1CD1EE4B00EDEBDE /* Info.plist */ = {isa = PBXFileReference; lastKnownFileType = text.plist.xml; path = Info.plist; sourceTree = "<group>"; };
		0B5924421CD1EE4B00EDEBDE /* samplePickerViewUITests.xctest */ = {isa = PBXFileReference; explicitFileType = wrapper.cfbundle; includeInIndex = 0; path = samplePickerViewUITests.xctest; sourceTree = BUILT_PRODUCTS_DIR; };
		0B5924461CD1EE4B00EDEBDE /* samplePickerViewUITests.swift */ = {isa = PBXFileReference; lastKnownFileType = sourcecode.swift; path = samplePickerViewUITests.swift; sourceTree = "<group>"; };
		0B5924481CD1EE4B00EDEBDE /* Info.plist */ = {isa = PBXFileReference; lastKnownFileType = text.plist.xml; path = Info.plist; sourceTree = "<group>"; };
/* End PBXFileReference section */

/* Begin PBXFrameworksBuildPhase section */
		0B5924201CD1EE4B00EDEBDE /* Frameworks */ = {
			isa = PBXFrameworksBuildPhase;
			buildActionMask = 2147483647;
			files = (
			);
			runOnlyForDeploymentPostprocessing = 0;
		};
		0B5924341CD1EE4B00EDEBDE /* Frameworks */ = {
			isa = PBXFrameworksBuildPhase;
			buildActionMask = 2147483647;
			files = (
			);
			runOnlyForDeploymentPostprocessing = 0;
		};
		0B59243F1CD1EE4B00EDEBDE /* Frameworks */ = {
			isa = PBXFrameworksBuildPhase;
			buildActionMask = 2147483647;
			files = (
			);
			runOnlyForDeploymentPostprocessing = 0;
		};
/* End PBXFrameworksBuildPhase section */

/* Begin PBXGroup section */
		0B59241A1CD1EE4B00EDEBDE = {
			isa = PBXGroup;
			children = (
				0B5924251CD1EE4B00EDEBDE /* samplePickerView */,
				0B59243A1CD1EE4B00EDEBDE /* samplePickerViewTests */,
				0B5924451CD1EE4B00EDEBDE /* samplePickerViewUITests */,
				0B5924241CD1EE4B00EDEBDE /* Products */,
			);
			sourceTree = "<group>";
		};
		0B5924241CD1EE4B00EDEBDE /* Products */ = {
			isa = PBXGroup;
			children = (
				0B5924231CD1EE4B00EDEBDE /* samplePickerView.app */,
				0B5924371CD1EE4B00EDEBDE /* samplePickerViewTests.xctest */,
				0B5924421CD1EE4B00EDEBDE /* samplePickerViewUITests.xctest */,
			);
			name = Products;
			sourceTree = "<group>";
		};
		0B5924251CD1EE4B00EDEBDE /* samplePickerView */ = {
			isa = PBXGroup;
			children = (
				0B5924261CD1EE4B00EDEBDE /* AppDelegate.swift */,
				0B5924281CD1EE4B00EDEBDE /* ViewController.swift */,
				0B59242A1CD1EE4B00EDEBDE /* Main.storyboard */,
				0B59242D1CD1EE4B00EDEBDE /* Assets.xcassets */,
				0B59242F1CD1EE4B00EDEBDE /* LaunchScreen.storyboard */,
				0B5924321CD1EE4B00EDEBDE /* Info.plist */,
			);
			path = samplePickerView;
			sourceTree = "<group>";
		};
		0B59243A1CD1EE4B00EDEBDE /* samplePickerViewTests */ = {
			isa = PBXGroup;
			children = (
				0B59243B1CD1EE4B00EDEBDE /* samplePickerViewTests.swift */,
				0B59243D1CD1EE4B00EDEBDE /* Info.plist */,
			);
			path = samplePickerViewTests;
			sourceTree = "<group>";
		};
		0B5924451CD1EE4B00EDEBDE /* samplePickerViewUITests */ = {
			isa = PBXGroup;
			children = (
				0B5924461CD1EE4B00EDEBDE /* samplePickerViewUITests.swift */,
				0B5924481CD1EE4B00EDEBDE /* Info.plist */,
			);
			path = samplePickerViewUITests;
			sourceTree = "<group>";
		};
/* End PBXGroup section */

/* Begin PBXNativeTarget section */
		0B5924221CD1EE4B00EDEBDE /* samplePickerView */ = {
			isa = PBXNativeTarget;
			buildConfigurationList = 0B59244B1CD1EE4B00EDEBDE /* Build configuration list for PBXNativeTarget "samplePickerView" */;
			buildPhases = (
				0B59241F1CD1EE4B00EDEBDE /* Sources */,
				0B5924201CD1EE4B00EDEBDE /* Frameworks */,
				0B5924211CD1EE4B00EDEBDE /* Resources */,
			);
			buildRules = (
			);
			dependencies = (
			);
			name = samplePickerView;
			productName = samplePickerView;
			productReference = 0B5924231CD1EE4B00EDEBDE /* samplePickerView.app */;
			productType = "com.apple.product-type.application";
		};
		0B5924361CD1EE4B00EDEBDE /* samplePickerViewTests */ = {
			isa = PBXNativeTarget;
			buildConfigurationList = 0B59244E1CD1EE4B00EDEBDE /* Build configuration list for PBXNativeTarget "samplePickerViewTests" */;
			buildPhases = (
				0B5924331CD1EE4B00EDEBDE /* Sources */,
				0B5924341CD1EE4B00EDEBDE /* Frameworks */,
				0B5924351CD1EE4B00EDEBDE /* Resources */,
			);
			buildRules = (
			);
			dependencies = (
				0B5924391CD1EE4B00EDEBDE /* PBXTargetDependency */,
			);
			name = samplePickerViewTests;
			productName = samplePickerViewTests;
			productReference = 0B5924371CD1EE4B00EDEBDE /* samplePickerViewTests.xctest */;
			productType = "com.apple.product-type.bundle.unit-test";
		};
		0B5924411CD1EE4B00EDEBDE /* samplePickerViewUITests */ = {
			isa = PBXNativeTarget;
			buildConfigurationList = 0B5924511CD1EE4B00EDEBDE /* Build configuration list for PBXNativeTarget "samplePickerViewUITests" */;
			buildPhases = (
				0B59243E1CD1EE4B00EDEBDE /* Sources */,
				0B59243F1CD1EE4B00EDEBDE /* Frameworks */,
				0B5924401CD1EE4B00EDEBDE /* Resources */,
			);
			buildRules = (
			);
			dependencies = (
				0B5924441CD1EE4B00EDEBDE /* PBXTargetDependency */,
			);
			name = samplePickerViewUITests;
			productName = samplePickerViewUITests;
			productReference = 0B5924421CD1EE4B00EDEBDE /* samplePickerViewUITests.xctest */;
			productType = "com.apple.product-type.bundle.ui-testing";
		};
/* End PBXNativeTarget section */

/* Begin PBXProject section */
		0B59241B1CD1EE4B00EDEBDE /* Project object */ = {
			isa = PBXProject;
			attributes = {
				LastSwiftUpdateCheck = 0720;
				LastUpgradeCheck = 0720;
				ORGANIZATIONNAME = "RIho OKubo";
				TargetAttributes = {
					0B5924221CD1EE4B00EDEBDE = {
						CreatedOnToolsVersion = 7.2.1;
					};
					0B5924361CD1EE4B00EDEBDE = {
						CreatedOnToolsVersion = 7.2.1;
						TestTargetID = 0B5924221CD1EE4B00EDEBDE;
					};
					0B5924411CD1EE4B00EDEBDE = {
						CreatedOnToolsVersion = 7.2.1;
						TestTargetID = 0B5924221CD1EE4B00EDEBDE;
					};
				};
			};
			buildConfigurationList = 0B59241E1CD1EE4B00EDEBDE /* Build configuration list for PBXProject "samplePickerView" */;
			compatibilityVersion = "Xcode 3.2";
			developmentRegion = English;
			hasScannedForEncodings = 0;
			knownRegions = (
				en,
				Base,
			);
			mainGroup = 0B59241A1CD1EE4B00EDEBDE;
			productRefGroup = 0B5924241CD1EE4B00EDEBDE /* Products */;
			projectDirPath = "";
			projectRoot = "";
			targets = (
				0B5924221CD1EE4B00EDEBDE /* samplePickerView */,
				0B5924361CD1EE4B00EDEBDE /* samplePickerViewTests */,
				0B5924411CD1EE4B00EDEBDE /* samplePickerViewUITests */,
			);
		};
/* End PBXProject section */

/* Begin PBXResourcesBuildPhase section */
		0B5924211CD1EE4B00EDEBDE /* Resources */ = {
			isa = PBXResourcesBuildPhase;
			buildActionMask = 2147483647;
			files = (
				0B5924311CD1EE4B00EDEBDE /* LaunchScreen.storyboard in Resources */,
				0B59242E1CD1EE4B00EDEBDE /* Assets.xcassets in Resources */,
				0B59242C1CD1EE4B00EDEBDE /* Main.storyboard in Resources */,
			);
			runOnlyForDeploymentPostprocessing = 0;
		};
		0B5924351CD1EE4B00EDEBDE /* Resources */ = {
			isa = PBXResourcesBuildPhase;
			buildActionMask = 2147483647;
			files = (
			);
			runOnlyForDeploymentPostprocessing = 0;
		};
		0B5924401CD1EE4B00EDEBDE /* Resources */ = {
			isa = PBXResourcesBuildPhase;
			buildActionMask = 2147483647;
			files = (
			);
			runOnlyForDeploymentPostprocessing = 0;
		};
/* End PBXResourcesBuildPhase section */

/* Begin PBXSourcesBuildPhase section */
		0B59241F1CD1EE4B00EDEBDE /* Sources */ = {
			isa = PBXSourcesBuildPhase;
			buildActionMask = 2147483647;
			files = (
				0B5924291CD1EE4B00EDEBDE /* ViewController.swift in Sources */,
				0B5924271CD1EE4B00EDEBDE /* AppDelegate.swift in Sources */,
			);
			runOnlyForDeploymentPostprocessing = 0;
		};
		0B5924331CD1EE4B00EDEBDE /* Sources */ = {
			isa = PBXSourcesBuildPhase;
			buildActionMask = 2147483647;
			files = (
				0B59243C1CD1EE4B00EDEBDE /* samplePickerViewTests.swift in Sources */,
			);
			runOnlyForDeploymentPostprocessing = 0;
		};
		0B59243E1CD1EE4B00EDEBDE /* Sources */ = {
			isa = PBXSourcesBuildPhase;
			buildActionMask = 2147483647;
			files = (
				0B5924471CD1EE4B00EDEBDE /* samplePickerViewUITests.swift in Sources */,
			);
			runOnlyForDeploymentPostprocessing = 0;
		};
/* End PBXSourcesBuildPhase section */

/* Begin PBXTargetDependency section */
		0B5924391CD1EE4B00EDEBDE /* PBXTargetDependency */ = {
			isa = PBXTargetDependency;
			target = 0B5924221CD1EE4B00EDEBDE /* samplePickerView */;
			targetProxy = 0B5924381CD1EE4B00EDEBDE /* PBXContainerItemProxy */;
		};
		0B5924441CD1EE4B00EDEBDE /* PBXTargetDependency */ = {
			isa = PBXTargetDependency;
			target = 0B5924221CD1EE4B00EDEBDE /* samplePickerView */;
			targetProxy = 0B5924431CD1EE4B00EDEBDE /* PBXContainerItemProxy */;
		};
/* End PBXTargetDependency section */

/* Begin PBXVariantGroup section */
		0B59242A1CD1EE4B00EDEBDE /* Main.storyboard */ = {
			isa = PBXVariantGroup;
			children = (
				0B59242B1CD1EE4B00EDEBDE /* Base */,
			);
			name = Main.storyboard;
			sourceTree = "<group>";
		};
		0B59242F1CD1EE4B00EDEBDE /* LaunchScreen.storyboard */ = {
			isa = PBXVariantGroup;
			children = (
				0B5924301CD1EE4B00EDEBDE /* Base */,
			);
			name = LaunchScreen.storyboard;
			sourceTree = "<group>";
		};
/* End PBXVariantGroup section */

/* Begin XCBuildConfiguration section */
		0B5924491CD1EE4B00EDEBDE /* Debug */ = {
			isa = XCBuildConfiguration;
			buildSettings = {
				ALWAYS_SEARCH_USER_PATHS = NO;
				CLANG_CXX_LANGUAGE_STANDARD = "gnu++0x";
				CLANG_CXX_LIBRARY = "libc++";
				CLANG_ENABLE_MODULES = YES;
				CLANG_ENABLE_OBJC_ARC = YES;
				CLANG_WARN_BOOL_CONVERSION = YES;
				CLANG_WARN_CONSTANT_CONVERSION = YES;
				CLANG_WARN_DIRECT_OBJC_ISA_USAGE = YES_ERROR;
				CLANG_WARN_EMPTY_BODY = YES;
				CLANG_WARN_ENUM_CONVERSION = YES;
				CLANG_WARN_INT_CONVERSION = YES;
				CLANG_WARN_OBJC_ROOT_CLASS = YES_ERROR;
				CLANG_WARN_UNREACHABLE_CODE = YES;
				CLANG_WARN__DUPLICATE_METHOD_MATCH = YES;
				"CODE_SIGN_IDENTITY[sdk=iphoneos*]" = "iPhone Developer";
				COPY_PHASE_STRIP = NO;
				DEBUG_INFORMATION_FORMAT = dwarf;
				ENABLE_STRICT_OBJC_MSGSEND = YES;
				ENABLE_TESTABILITY = YES;
				GCC_C_LANGUAGE_STANDARD = gnu99;
				GCC_DYNAMIC_NO_PIC = NO;
				GCC_NO_COMMON_BLOCKS = YES;
				GCC_OPTIMIZATION_LEVEL = 0;
				GCC_PREPROCESSOR_DEFINITIONS = (
					"DEBUG=1",
					"$(inherited)",
				);
				GCC_WARN_64_TO_32_BIT_CONVERSION = YES;
				GCC_WARN_ABOUT_RETURN_TYPE = YES_ERROR;
				GCC_WARN_UNDECLARED_SELECTOR = YES;
				GCC_WARN_UNINITIALIZED_AUTOS = YES_AGGRESSIVE;
				GCC_WARN_UNUSED_FUNCTION = YES;
				GCC_WARN_UNUSED_VARIABLE = YES;
				IPHONEOS_DEPLOYMENT_TARGET = 9.2;
				MTL_ENABLE_DEBUG_INFO = YES;
				ONLY_ACTIVE_ARCH = YES;
				SDKROOT = iphoneos;
				SWIFT_OPTIMIZATION_LEVEL = "-Onone";
			};
			name = Debug;
		};
		0B59244A1CD1EE4B00EDEBDE /* Release */ = {
			isa = XCBuildConfiguration;
			buildSettings = {
				ALWAYS_SEARCH_USER_PATHS = NO;
				CLANG_CXX_LANGUAGE_STANDARD = "gnu++0x";
				CLANG_CXX_LIBRARY = "libc++";
				CLANG_ENABLE_MODULES = YES;
				CLANG_ENABLE_OBJC_ARC = YES;
				CLANG_WARN_BOOL_CONVERSION = YES;
				CLANG_WARN_CONSTANT_CONVERSION = YES;
				CLANG_WARN_DIRECT_OBJC_ISA_USAGE = YES_ERROR;
				CLANG_WARN_EMPTY_BODY = YES;
				CLANG_WARN_ENUM_CONVERSION = YES;
				CLANG_WARN_INT_CONVERSION = YES;
				CLANG_WARN_OBJC_ROOT_CLASS = YES_ERROR;
				CLANG_WARN_UNREACHABLE_CODE = YES;
				CLANG_WARN__DUPLICATE_METHOD_MATCH = YES;
				"CODE_SIGN_IDENTITY[sdk=iphoneos*]" = "iPhone Developer";
				COPY_PHASE_STRIP = NO;
				DEBUG_INFORMATION_FORMAT = "dwarf-with-dsym";
				ENABLE_NS_ASSERTIONS = NO;
				ENABLE_STRICT_OBJC_MSGSEND = YES;
				GCC_C_LANGUAGE_STANDARD = gnu99;
				GCC_NO_COMMON_BLOCKS = YES;
				GCC_WARN_64_TO_32_BIT_CONVERSION = YES;
				GCC_WARN_ABOUT_RETURN_TYPE = YES_ERROR;
				GCC_WARN_UNDECLARED_SELECTOR = YES;
				GCC_WARN_UNINITIALIZED_AUTOS = YES_AGGRESSIVE;
				GCC_WARN_UNUSED_FUNCTION = YES;
				GCC_WARN_UNUSED_VARIABLE = YES;
				IPHONEOS_DEPLOYMENT_TARGET = 9.2;
				MTL_ENABLE_DEBUG_INFO = NO;
				SDKROOT = iphoneos;
				VALIDATE_PRODUCT = YES;
			};
			name = Release;
		};
		0B59244C1CD1EE4B00EDEBDE /* Debug */ = {
			isa = XCBuildConfiguration;
			buildSettings = {
				ASSETCATALOG_COMPILER_APPICON_NAME = AppIcon;
				INFOPLIST_FILE = samplePickerView/Info.plist;
				LD_RUNPATH_SEARCH_PATHS = "$(inherited) @executable_path/Frameworks";
				PRODUCT_BUNDLE_IDENTIFIER = com.rihookubo.samplePickerView;
				PRODUCT_NAME = "$(TARGET_NAME)";
			};
			name = Debug;
		};
		0B59244D1CD1EE4B00EDEBDE /* Release */ = {
			isa = XCBuildConfiguration;
			buildSettings = {
				ASSETCATALOG_COMPILER_APPICON_NAME = AppIcon;
				INFOPLIST_FILE = samplePickerView/Info.plist;
				LD_RUNPATH_SEARCH_PATHS = "$(inherited) @executable_path/Frameworks";
				PRODUCT_BUNDLE_IDENTIFIER = com.rihookubo.samplePickerView;
				PRODUCT_NAME = "$(TARGET_NAME)";
			};
			name = Release;
		};
		0B59244F1CD1EE4B00EDEBDE /* Debug */ = {
			isa = XCBuildConfiguration;
			buildSettings = {
				BUNDLE_LOADER = "$(TEST_HOST)";
				INFOPLIST_FILE = samplePickerViewTests/Info.plist;
				LD_RUNPATH_SEARCH_PATHS = "$(inherited) @executable_path/Frameworks @loader_path/Frameworks";
				PRODUCT_BUNDLE_IDENTIFIER = com.rihookubo.samplePickerViewTests;
				PRODUCT_NAME = "$(TARGET_NAME)";
				TEST_HOST = "$(BUILT_PRODUCTS_DIR)/samplePickerView.app/samplePickerView";
			};
			name = Debug;
		};
		0B5924501CD1EE4B00EDEBDE /* Release */ = {
			isa = XCBuildConfiguration;
			buildSettings = {
				BUNDLE_LOADER = "$(TEST_HOST)";
				INFOPLIST_FILE = samplePickerViewTests/Info.plist;
				LD_RUNPATH_SEARCH_PATHS = "$(inherited) @executable_path/Frameworks @loader_path/Frameworks";
				PRODUCT_BUNDLE_IDENTIFIER = com.rihookubo.samplePickerViewTests;
				PRODUCT_NAME = "$(TARGET_NAME)";
				TEST_HOST = "$(BUILT_PRODUCTS_DIR)/samplePickerView.app/samplePickerView";
			};
			name = Release;
		};
		0B5924521CD1EE4B00EDEBDE /* Debug */ = {
			isa = XCBuildConfiguration;
			buildSettings = {
				INFOPLIST_FILE = samplePickerViewUITests/Info.plist;
				LD_RUNPATH_SEARCH_PATHS = "$(inherited) @executable_path/Frameworks @loader_path/Frameworks";
				PRODUCT_BUNDLE_IDENTIFIER = com.rihookubo.samplePickerViewUITests;
				PRODUCT_NAME = "$(TARGET_NAME)";
				TEST_TARGET_NAME = samplePickerView;
				USES_XCTRUNNER = YES;
			};
			name = Debug;
		};
		0B5924531CD1EE4B00EDEBDE /* Release */ = {
			isa = XCBuildConfiguration;
			buildSettings = {
				INFOPLIST_FILE = samplePickerViewUITests/Info.plist;
				LD_RUNPATH_SEARCH_PATHS = "$(inherited) @executable_path/Frameworks @loader_path/Frameworks";
				PRODUCT_BUNDLE_IDENTIFIER = com.rihookubo.samplePickerViewUITests;
				PRODUCT_NAME = "$(TARGET_NAME)";
				TEST_TARGET_NAME = samplePickerView;
				USES_XCTRUNNER = YES;
			};
			name = Release;
		};
/* End XCBuildConfiguration section */

/* Begin XCConfigurationList section */
		0B59241E1CD1EE4B00EDEBDE /* Build configuration list for PBXProject "samplePickerView" */ = {
			isa = XCConfigurationList;
			buildConfigurations = (
				0B5924491CD1EE4B00EDEBDE /* Debug */,
				0B59244A1CD1EE4B00EDEBDE /* Release */,
			);
			defaultConfigurationIsVisible = 0;
			defaultConfigurationName = Release;
		};
		0B59244B1CD1EE4B00EDEBDE /* Build configuration list for PBXNativeTarget "samplePickerView" */ = {
			isa = XCConfigurationList;
			buildConfigurations = (
				0B59244C1CD1EE4B00EDEBDE /* Debug */,
				0B59244D1CD1EE4B00EDEBDE /* Release */,
			);
			defaultConfigurationIsVisible = 0;
		};
		0B59244E1CD1EE4B00EDEBDE /* Build configuration list for PBXNativeTarget "samplePickerViewTests" */ = {
			isa = XCConfigurationList;
			buildConfigurations = (
				0B59244F1CD1EE4B00EDEBDE /* Debug */,
				0B5924501CD1EE4B00EDEBDE /* Release */,
			);
			defaultConfigurationIsVisible = 0;
		};
		0B5924511CD1EE4B00EDEBDE /* Build configuration list for PBXNativeTarget "samplePickerViewUITests" */ = {
			isa = XCConfigurationList;
			buildConfigurations = (
				0B5924521CD1EE4B00EDEBDE /* Debug */,
				0B5924531CD1EE4B00EDEBDE /* Release */,
			);
			defaultConfigurationIsVisible = 0;
		};
/* End XCConfigurationList section */
	};
	rootObject = 0B59241B1CD1EE4B00EDEBDE /* Project object */;
}
